{
  "version": 4,
  "terraform_version": "1.11.4",
  "serial": 22,
  "lineage": "2a3f8d16-1fa7-52d7-e391-c312547d9a3d",
  "outputs": {
    "network_security_group_name": {
      "value": "appsters-nsg",
      "type": "string"
    },
    "backup_vault_name": {
      "value": "framecloud-backup-vault",
      "type": "string"
    },
    "resource_group_name": {
      "value": "appsters-core",
      "type": "string"
    },
    "subnet_names": {
      "value": [
        "frontend",
        "backend",
        "database"
      ],
      "type": [
        "tuple",
        [
          "string",
          "string",
          "string"
        ]
      ]
    },
    "virtual_network_name": {
      "value": "appsters-vnet",
      "type": "string"
    }
  },
  "resources": [
    {
      "mode": "managed",
      "type": "azuread_group",
      "name": "admins",
      "provider": "provider[\"registry.terraform.io/hashicorp/azuread\"]",
      "instances": [
        {
          "schema_version": 0,
          "attributes": {
            "administrative_unit_ids": [],
            "assignable_to_role": false,
            "auto_subscribe_new_members": false,
            "behaviors": [],
            "description": "",
            "display_name": "framecloud-admins",
            "dynamic_membership": [],
            "external_senders_allowed": false,
            "hide_from_address_lists": false,
            "hide_from_outlook_clients": false,
            "id": "eaa66483-fe53-49c0-8642-c122e0e62eb6",
            "mail": "",
            "mail_enabled": false,
            "mail_nickname": "ddaa8bee-5",
            "members": [],
            "object_id": "eaa66483-fe53-49c0-8642-c122e0e62eb6",
            "onpremises_domain_name": "",
            "onpremises_group_type": "",
            "onpremises_netbios_name": "",
            "onpremises_sam_account_name": "",
            "onpremises_security_identifier": "",
            "onpremises_sync_enabled": false,
            "owners": [
              "41436553-ac7a-4936-8b5a-869f9a5b2ad7"
            ],
            "preferred_language": "",
            "prevent_duplicate_names": false,
            "provisioning_options": [],
            "proxy_addresses": [],
            "security_enabled": true,
            "theme": "",
            "timeouts": null,
            "types": [],
            "visibility": "Private",
            "writeback_enabled": false
          },
          "sensitive_attributes": [],
          "private": "eyJlMmJmYjczMC1lY2FhLTExZTYtOGY4OC0zNDM2M2JjN2M0YzAiOnsiY3JlYXRlIjoxMjAwMDAwMDAwMDAwLCJkZWxldGUiOjMwMDAwMDAwMDAwMCwicmVhZCI6MzAwMDAwMDAwMDAwLCJ1cGRhdGUiOjEyMDAwMDAwMDAwMDB9fQ=="
        }
      ]
    },
    {
      "mode": "managed",
      "type": "azuread_group",
      "name": "developers",
      "provider": "provider[\"registry.terraform.io/hashicorp/azuread\"]",
      "instances": [
        {
          "schema_version": 0,
          "attributes": {
            "administrative_unit_ids": [],
            "assignable_to_role": false,
            "auto_subscribe_new_members": false,
            "behaviors": [],
            "description": "",
            "display_name": "framecloud-devs",
            "dynamic_membership": [],
            "external_senders_allowed": false,
            "hide_from_address_lists": false,
            "hide_from_outlook_clients": false,
            "id": "3e1a96a3-8d3a-4720-9f00-c984c9616ef6",
            "mail": "",
            "mail_enabled": false,
            "mail_nickname": "a567b1b0-1",
            "members": [],
            "object_id": "3e1a96a3-8d3a-4720-9f00-c984c9616ef6",
            "onpremises_domain_name": "",
            "onpremises_group_type": "",
            "onpremises_netbios_name": "",
            "onpremises_sam_account_name": "",
            "onpremises_security_identifier": "",
            "onpremises_sync_enabled": false,
            "owners": [
              "41436553-ac7a-4936-8b5a-869f9a5b2ad7"
            ],
            "preferred_language": "",
            "prevent_duplicate_names": false,
            "provisioning_options": [],
            "proxy_addresses": [],
            "security_enabled": true,
            "theme": "",
            "timeouts": null,
            "types": [],
            "visibility": "Private",
            "writeback_enabled": false
          },
          "sensitive_attributes": [],
          "private": "eyJlMmJmYjczMC1lY2FhLTExZTYtOGY4OC0zNDM2M2JjN2M0YzAiOnsiY3JlYXRlIjoxMjAwMDAwMDAwMDAwLCJkZWxldGUiOjMwMDAwMDAwMDAwMCwicmVhZCI6MzAwMDAwMDAwMDAwLCJ1cGRhdGUiOjEyMDAwMDAwMDAwMDB9fQ=="
        }
      ]
    },
    {
      "mode": "managed",
      "type": "azurerm_log_analytics_workspace",
      "name": "logs",
      "provider": "provider[\"registry.terraform.io/hashicorp/azurerm\"]",
      "instances": [
        {
          "schema_version": 3,
          "attributes": {
            "allow_resource_only_permissions": true,
            "cmk_for_query_forced": false,
            "daily_quota_gb": -1,
            "data_collection_rule_id": "",
            "id": "/subscriptions/55ce5f99-167e-4aa6-a6f1-5974c323e01c/resourceGroups/appsters-core/providers/Microsoft.OperationalInsights/workspaces/framecloud-logs",
            "identity": [],
            "immediate_data_purge_on_30_days_enabled": false,
            "internet_ingestion_enabled": true,
            "internet_query_enabled": true,
            "local_authentication_disabled": false,
            "location": "westeurope",
            "name": "framecloud-logs",
            "primary_shared_key": "Qmcy3cz/xv8RLieiyA5H4tyxIq1AKvb5Zd7lfxLFQXj4DZl2EaEq8bUpo394TpBqSHb7m0jjYlHJVDDWp0IwXg==",
            "reservation_capacity_in_gb_per_day": null,
            "resource_group_name": "appsters-core",
            "retention_in_days": 30,
            "secondary_shared_key": "DjIr/7+i3lgghS0kHoHY5O2xwhjPqexdxLZOZesPDnR9pu+KYhEDzVLACvRwFPNQRqaKRZVRxjIKmg0i5O5rPg==",
            "sku": "PerGB2018",
            "tags": {
              "environment": "FrameCloud"
            },
            "timeouts": null,
            "workspace_id": "2124adf9-4c61-4c30-a510-7c624237454e"
          },
          "sensitive_attributes": [
            [
              {
                "type": "get_attr",
                "value": "secondary_shared_key"
              }
            ],
            [
              {
                "type": "get_attr",
                "value": "primary_shared_key"
              }
            ]
          ],
          "private": "eyJlMmJmYjczMC1lY2FhLTExZTYtOGY4OC0zNDM2M2JjN2M0YzAiOnsiY3JlYXRlIjoxODAwMDAwMDAwMDAwLCJkZWxldGUiOjE4MDAwMDAwMDAwMDAsInJlYWQiOjMwMDAwMDAwMDAwMCwidXBkYXRlIjoxODAwMDAwMDAwMDAwfSwic2NoZW1hX3ZlcnNpb24iOiIzIn0=",
          "dependencies": [
            "azurerm_resource_group.rg"
          ]
        }
      ]
    },
    {
      "mode": "managed",
      "type": "azurerm_monitor_diagnostic_setting",
      "name": "nsg_logs",
      "provider": "provider[\"registry.terraform.io/hashicorp/azurerm\"]",
      "instances": [
        {
          "schema_version": 0,
          "attributes": {
            "enabled_log": [
              {
                "category": "NetworkSecurityGroupEvent",
                "category_group": "",
                "retention_policy": [
                  {
                    "days": null,
                    "enabled": false
                  }
                ]
              },
              {
                "category": "NetworkSecurityGroupRuleCounter",
                "category_group": "",
                "retention_policy": [
                  {
                    "days": null,
                    "enabled": false
                  }
                ]
              }
            ],
            "eventhub_authorization_rule_id": "",
            "eventhub_name": "",
            "id": "/subscriptions/55ce5f99-167e-4aa6-a6f1-5974c323e01c/resourceGroups/appsters-core/providers/Microsoft.Network/networkSecurityGroups/appsters-nsg|nsg-diagnostics",
            "log": [
              {
                "category": "NetworkSecurityGroupEvent",
                "category_group": "",
                "enabled": true,
                "retention_policy": [
                  {
                    "days": 0,
                    "enabled": false
                  }
                ]
              },
              {
                "category": "NetworkSecurityGroupRuleCounter",
                "category_group": "",
                "enabled": true,
                "retention_policy": [
                  {
                    "days": 0,
                    "enabled": false
                  }
                ]
              }
            ],
            "log_analytics_destination_type": "",
            "log_analytics_workspace_id": "/subscriptions/55ce5f99-167e-4aa6-a6f1-5974c323e01c/resourceGroups/appsters-core/providers/Microsoft.OperationalInsights/workspaces/framecloud-logs",
            "metric": [],
            "name": "nsg-diagnostics",
            "partner_solution_id": null,
            "storage_account_id": null,
            "target_resource_id": "/subscriptions/55ce5f99-167e-4aa6-a6f1-5974c323e01c/resourceGroups/appsters-core/providers/Microsoft.Network/networkSecurityGroups/appsters-nsg",
            "timeouts": null
          },
          "sensitive_attributes": [],
          "private": "eyJlMmJmYjczMC1lY2FhLTExZTYtOGY4OC0zNDM2M2JjN2M0YzAiOnsiY3JlYXRlIjoxODAwMDAwMDAwMDAwLCJkZWxldGUiOjM2MDAwMDAwMDAwMDAsInJlYWQiOjMwMDAwMDAwMDAwMCwidXBkYXRlIjoxODAwMDAwMDAwMDAwfX0=",
          "dependencies": [
            "azurerm_log_analytics_workspace.logs",
            "azurerm_network_security_group.framecloud",
            "azurerm_resource_group.rg"
          ]
        }
      ]
    },
    {
      "mode": "managed",
      "type": "azurerm_network_security_group",
      "name": "framecloud",
      "provider": "provider[\"registry.terraform.io/hashicorp/azurerm\"]",
      "instances": [
        {
          "schema_version": 0,
          "attributes": {
            "id": "/subscriptions/55ce5f99-167e-4aa6-a6f1-5974c323e01c/resourceGroups/appsters-core/providers/Microsoft.Network/networkSecurityGroups/appsters-nsg",
            "location": "westeurope",
            "name": "appsters-nsg",
            "resource_group_name": "appsters-core",
            "security_rule": [],
            "tags": null,
            "timeouts": null
          },
          "sensitive_attributes": [],
          "private": "eyJlMmJmYjczMC1lY2FhLTExZTYtOGY4OC0zNDM2M2JjN2M0YzAiOnsiY3JlYXRlIjoxODAwMDAwMDAwMDAwLCJkZWxldGUiOjE4MDAwMDAwMDAwMDAsInJlYWQiOjMwMDAwMDAwMDAwMCwidXBkYXRlIjoxODAwMDAwMDAwMDAwfX0=",
          "dependencies": [
            "azurerm_resource_group.rg"
          ]
        }
      ]
    },
    {
      "mode": "managed",
      "type": "azurerm_recovery_services_vault",
      "name": "backup_vault",
      "provider": "provider[\"registry.terraform.io/hashicorp/azurerm\"]",
      "instances": [
        {
          "schema_version": 0,
          "attributes": {
            "classic_vmware_replication_enabled": false,
            "cross_region_restore_enabled": false,
            "encryption": [],
            "id": "/subscriptions/55ce5f99-167e-4aa6-a6f1-5974c323e01c/resourceGroups/appsters-core/providers/Microsoft.RecoveryServices/vaults/framecloud-backup-vault",
            "identity": [],
            "immutability": "Disabled",
            "location": "westeurope",
            "monitoring": [],
            "name": "framecloud-backup-vault",
            "public_network_access_enabled": true,
            "resource_group_name": "appsters-core",
            "sku": "Standard",
            "soft_delete_enabled": true,
            "storage_mode_type": "GeoRedundant",
            "tags": {
              "environment": "FrameCloud"
            },
            "timeouts": null
          },
          "sensitive_attributes": [],
          "private": "eyJlMmJmYjczMC1lY2FhLTExZTYtOGY4OC0zNDM2M2JjN2M0YzAiOnsiY3JlYXRlIjo3MjAwMDAwMDAwMDAwLCJkZWxldGUiOjE4MDAwMDAwMDAwMDAsInJlYWQiOjMwMDAwMDAwMDAwMCwidXBkYXRlIjozNjAwMDAwMDAwMDAwfX0=",
          "dependencies": [
            "azurerm_resource_group.rg"
          ]
        }
      ]
    },
    {
      "mode": "managed",
      "type": "azurerm_resource_group",
      "name": "rg",
      "provider": "provider[\"registry.terraform.io/hashicorp/azurerm\"]",
      "instances": [
        {
          "schema_version": 0,
          "attributes": {
            "id": "/subscriptions/55ce5f99-167e-4aa6-a6f1-5974c323e01c/resourceGroups/appsters-core",
            "location": "westeurope",
            "managed_by": "",
            "name": "appsters-core",
            "tags": {},
            "timeouts": null
          },
          "sensitive_attributes": [],
          "private": "eyJlMmJmYjczMC1lY2FhLTExZTYtOGY4OC0zNDM2M2JjN2M0YzAiOnsiY3JlYXRlIjo1NDAwMDAwMDAwMDAwLCJkZWxldGUiOjU0MDAwMDAwMDAwMDAsInJlYWQiOjMwMDAwMDAwMDAwMCwidXBkYXRlIjo1NDAwMDAwMDAwMDAwfX0="
        }
      ]
    },
    {
      "mode": "managed",
      "type": "azurerm_role_assignment",
      "name": "admin_role",
      "provider": "provider[\"registry.terraform.io/hashicorp/azurerm\"]",
      "instances": [
        {
          "schema_version": 0,
          "attributes": {
            "condition": "",
            "condition_version": "",
            "delegated_managed_identity_resource_id": "",
            "description": "",
            "id": "/subscriptions/55ce5f99-167e-4aa6-a6f1-5974c323e01c/resourceGroups/appsters-core/providers/Microsoft.Authorization/roleAssignments/5e75a9a4-2f35-7b4a-e2b1-af3a8f3de5b8",
            "name": "5e75a9a4-2f35-7b4a-e2b1-af3a8f3de5b8",
            "principal_id": "eaa66483-fe53-49c0-8642-c122e0e62eb6",
            "principal_type": "Group",
            "role_definition_id": "/subscriptions/55ce5f99-167e-4aa6-a6f1-5974c323e01c/providers/Microsoft.Authorization/roleDefinitions/8e3af657-a8ff-443c-a75c-2fe8c4bcb635",
            "role_definition_name": "Owner",
            "scope": "/subscriptions/55ce5f99-167e-4aa6-a6f1-5974c323e01c/resourceGroups/appsters-core",
            "skip_service_principal_aad_check": null,
            "timeouts": null
          },
          "sensitive_attributes": [],
          "private": "eyJlMmJmYjczMC1lY2FhLTExZTYtOGY4OC0zNDM2M2JjN2M0YzAiOnsiY3JlYXRlIjoxODAwMDAwMDAwMDAwLCJkZWxldGUiOjE4MDAwMDAwMDAwMDAsInJlYWQiOjMwMDAwMDAwMDAwMH19",
          "dependencies": [
            "azuread_group.admins",
            "azurerm_resource_group.rg"
          ]
        }
      ]
    },
    {
      "mode": "managed",
      "type": "azurerm_role_assignment",
      "name": "dev_role",
      "provider": "provider[\"registry.terraform.io/hashicorp/azurerm\"]",
      "instances": [
        {
          "schema_version": 0,
          "attributes": {
            "condition": "",
            "condition_version": "",
            "delegated_managed_identity_resource_id": "",
            "description": "",
            "id": "/subscriptions/55ce5f99-167e-4aa6-a6f1-5974c323e01c/resourceGroups/appsters-core/providers/Microsoft.Authorization/roleAssignments/bbd20167-ca0d-1f3e-fc5b-fecb15264f20",
            "name": "bbd20167-ca0d-1f3e-fc5b-fecb15264f20",
            "principal_id": "3e1a96a3-8d3a-4720-9f00-c984c9616ef6",
            "principal_type": "Group",
            "role_definition_id": "/subscriptions/55ce5f99-167e-4aa6-a6f1-5974c323e01c/providers/Microsoft.Authorization/roleDefinitions/acdd72a7-3385-48ef-bd42-f606fba81ae7",
            "role_definition_name": "Reader",
            "scope": "/subscriptions/55ce5f99-167e-4aa6-a6f1-5974c323e01c/resourceGroups/appsters-core",
            "skip_service_principal_aad_check": null,
            "timeouts": null
          },
          "sensitive_attributes": [],
          "private": "eyJlMmJmYjczMC1lY2FhLTExZTYtOGY4OC0zNDM2M2JjN2M0YzAiOnsiY3JlYXRlIjoxODAwMDAwMDAwMDAwLCJkZWxldGUiOjE4MDAwMDAwMDAwMDAsInJlYWQiOjMwMDAwMDAwMDAwMH19",
          "dependencies": [
            "azuread_group.developers",
            "azurerm_resource_group.rg"
          ]
        }
      ]
    },
    {
      "mode": "managed",
      "type": "azurerm_virtual_network",
      "name": "vnet",
      "provider": "provider[\"registry.terraform.io/hashicorp/azurerm\"]",
      "instances": [
        {
          "schema_version": 0,
          "attributes": {
            "address_space": [
              "10.1.0.0/16"
            ],
            "bgp_community": "",
            "ddos_protection_plan": [],
            "dns_servers": [],
            "edge_zone": "",
            "encryption": [],
            "flow_timeout_in_minutes": 0,
            "guid": "b76844dc-78b4-4841-a4da-73b7bdc5bdf9",
            "id": "/subscriptions/55ce5f99-167e-4aa6-a6f1-5974c323e01c/resourceGroups/appsters-core/providers/Microsoft.Network/virtualNetworks/appsters-vnet",
            "location": "westeurope",
            "name": "appsters-vnet",
            "resource_group_name": "appsters-core",
            "subnet": [],
            "tags": null,
            "timeouts": null
          },
          "sensitive_attributes": [],
          "private": "eyJlMmJmYjczMC1lY2FhLTExZTYtOGY4OC0zNDM2M2JjN2M0YzAiOnsiY3JlYXRlIjoxODAwMDAwMDAwMDAwLCJkZWxldGUiOjE4MDAwMDAwMDAwMDAsInJlYWQiOjMwMDAwMDAwMDAwMCwidXBkYXRlIjoxODAwMDAwMDAwMDAwfX0=",
          "dependencies": [
            "azurerm_resource_group.rg"
          ]
        }
      ]
    }
  ],
  "check_results": null
}
